
Microsoft Visual Studio Solution File, Format Version 12.00
# Visual Studio Version 16
VisualStudioVersion = 16.0.30709.132
MinimumVisualStudioVersion = 10.0.40219.1
Project("{8BC9CEB8-8B4A-11D0-8D11-00A0C91BC942}") = "TextSearch", "TextSearch.vcxproj", "{6508614A-561E-4F24-A828-C14886786355}"
EndProject
Global
	GlobalSection(SolutionConfigurationPlatforms) = preSolution
		Debug|x64 = Debug|x64
		Debug|x86 = Debug|x86
		Release|x64 = Release|x64
		Release|x86 = Release|x86
	EndGlobalSection
	GlobalSection(ProjectConfigurationPlatforms) = postSolution
		{6508614A-561E-4F24-A828-C14886786355}.Debug|x64.ActiveCfg = Debug|x64
		{6508614A-561E-4F24-A828-C14886786355}.Debug|x64.Build.0 = Debug|x64
		{6508614A-561E-4F24-A828-C14886786355}.Debug|x86.ActiveCfg = Debug|Win32
		{6508614A-561E-4F24-A828-C14886786355}.Debug|x86.Build.0 = Debug|Win32
		{6508614A-561E-4F24-A828-C14886786355}.Release|x64.ActiveCfg = Release|x64
		{6508614A-561E-4F24-A828-C14886786355}.Release|x64.Build.0 = Release|x64
		{6508614A-561E-4F24-A828-C14886786355}.Release|x86.ActiveCfg = Release|Win32
		{6508614A-561E-4F24-A828-C14886786355}.Release|x86.Build.0 = Release|Win32
	EndGlobalSection
	GlobalSection(SolutionProperties) = preSolution
		HideSolutionNode = FALSE
	EndGlobalSection
	GlobalSection(ExtensibilityGlobals) = postSolution
		SolutionGuid = {920ACFBE-2BD3-430C-8257-3658941FB0B1}
	EndGlobalSection
EndGlobal
